// !$*UTF8*$!
{
	archiveVersion = 1;
	classes = {
	};
	objectVersion = 56;
	objects = {

/* Begin PBXBuildFile section */
		8C049BB12AFD467900012905 /* LoginViewController.swift in Sources */ = {isa = PBXBuildFile; fileRef = 8C049BB02AFD467900012905 /* LoginViewController.swift */; };
		8C049BB32AFD46D700012905 /* OnboardingViewController.swift in Sources */ = {isa = PBXBuildFile; fileRef = 8C049BB22AFD46D700012905 /* OnboardingViewController.swift */; };
		8C049BB72AFD495900012905 /* Extension+UIColor.swift in Sources */ = {isa = PBXBuildFile; fileRef = 8C049BB62AFD495900012905 /* Extension+UIColor.swift */; };
		8C049BB92AFD674700012905 /* EmployeesViewController.swift in Sources */ = {isa = PBXBuildFile; fileRef = 8C049BB82AFD674700012905 /* EmployeesViewController.swift */; };
		8C049BBB2AFD67EA00012905 /* EmployeesTableViewCell.swift in Sources */ = {isa = PBXBuildFile; fileRef = 8C049BBA2AFD67EA00012905 /* EmployeesTableViewCell.swift */; };
		8C049BBD2AFDECB200012905 /* DashboardViewController.swift in Sources */ = {isa = PBXBuildFile; fileRef = 8C049BBC2AFDECB200012905 /* DashboardViewController.swift */; };
		8C049BBF2AFDEEED00012905 /* Storyboard.storyboard in Resources */ = {isa = PBXBuildFile; fileRef = 8C049BBE2AFDEEED00012905 /* Storyboard.storyboard */; };
		8C049BC12AFE05A300012905 /* AdditionalInfoViewController.swift in Sources */ = {isa = PBXBuildFile; fileRef = 8C049BC02AFE05A300012905 /* AdditionalInfoViewController.swift */; };
		8C049BC32AFE249100012905 /* ReviewViewController.swift in Sources */ = {isa = PBXBuildFile; fileRef = 8C049BC22AFE249100012905 /* ReviewViewController.swift */; };
		8C049BC52AFE4DD700012905 /* BaseViewController.swift in Sources */ = {isa = PBXBuildFile; fileRef = 8C049BC42AFE4DD700012905 /* BaseViewController.swift */; };
		8C049BC72AFE593F00012905 /* APICallService.swift in Sources */ = {isa = PBXBuildFile; fileRef = 8C049BC62AFE593F00012905 /* APICallService.swift */; };
		8C049BC92AFE59A000012905 /* URLSession+Extension.swift in Sources */ = {isa = PBXBuildFile; fileRef = 8C049BC82AFE59A000012905 /* URLSession+Extension.swift */; };
		8C049BCB2AFE59CB00012905 /* APIError.swift in Sources */ = {isa = PBXBuildFile; fileRef = 8C049BCA2AFE59CB00012905 /* APIError.swift */; };
		8C049BCD2AFE5A2E00012905 /* Reachability.swift in Sources */ = {isa = PBXBuildFile; fileRef = 8C049BCC2AFE5A2E00012905 /* Reachability.swift */; };
		8C049BD02AFE5E8C00012905 /* ServiceCalls.swift in Sources */ = {isa = PBXBuildFile; fileRef = 8C049BCF2AFE5E8C00012905 /* ServiceCalls.swift */; };
		8C049BD32AFE66F300012905 /* Login.swift in Sources */ = {isa = PBXBuildFile; fileRef = 8C049BD22AFE66F300012905 /* Login.swift */; };
		8C049BD52AFE67C600012905 /* Employees.swift in Sources */ = {isa = PBXBuildFile; fileRef = 8C049BD42AFE67C600012905 /* Employees.swift */; };
		8C049BD72AFE682600012905 /* UserColor.swift in Sources */ = {isa = PBXBuildFile; fileRef = 8C049BD62AFE682600012905 /* UserColor.swift */; };
		8C049BD92AFE6A7500012905 /* UserRequest.swift in Sources */ = {isa = PBXBuildFile; fileRef = 8C049BD82AFE6A7500012905 /* UserRequest.swift */; };
		8C049BDC2AFE70F700012905 /* LoginViewModel.swift in Sources */ = {isa = PBXBuildFile; fileRef = 8C049BDB2AFE70F700012905 /* LoginViewModel.swift */; };
		8C049BDE2AFE7C5300012905 /* UserDelegate.swift in Sources */ = {isa = PBXBuildFile; fileRef = 8C049BDD2AFE7C5300012905 /* UserDelegate.swift */; };
		8C049BE02AFE87A000012905 /* EmployeesViewModel.swift in Sources */ = {isa = PBXBuildFile; fileRef = 8C049BDF2AFE87A000012905 /* EmployeesViewModel.swift */; };
		8C049BE22AFE87BA00012905 /* UserColorsViewModel.swift in Sources */ = {isa = PBXBuildFile; fileRef = 8C049BE12AFE87BA00012905 /* UserColorsViewModel.swift */; };
		8C7DF5D92AFD41080003DD45 /* AppDelegate.swift in Sources */ = {isa = PBXBuildFile; fileRef = 8C7DF5D82AFD41080003DD45 /* AppDelegate.swift */; };
		8C7DF5DB2AFD41080003DD45 /* SceneDelegate.swift in Sources */ = {isa = PBXBuildFile; fileRef = 8C7DF5DA2AFD41080003DD45 /* SceneDelegate.swift */; };
		8C7DF5DD2AFD41080003DD45 /* ViewController.swift in Sources */ = {isa = PBXBuildFile; fileRef = 8C7DF5DC2AFD41080003DD45 /* ViewController.swift */; };
		8C7DF5E22AFD410A0003DD45 /* Assets.xcassets in Resources */ = {isa = PBXBuildFile; fileRef = 8C7DF5E12AFD410A0003DD45 /* Assets.xcassets */; };
		8C7DF5E52AFD410A0003DD45 /* LaunchScreen.storyboard in Resources */ = {isa = PBXBuildFile; fileRef = 8C7DF5E32AFD410A0003DD45 /* LaunchScreen.storyboard */; };
/* End PBXBuildFile section */

/* Begin PBXFileReference section */
		8C049BB02AFD467900012905 /* LoginViewController.swift */ = {isa = PBXFileReference; lastKnownFileType = sourcecode.swift; path = LoginViewController.swift; sourceTree = "<group>"; };
		8C049BB22AFD46D700012905 /* OnboardingViewController.swift */ = {isa = PBXFileReference; lastKnownFileType = sourcecode.swift; path = OnboardingViewController.swift; sourceTree = "<group>"; };
		8C049BB62AFD495900012905 /* Extension+UIColor.swift */ = {isa = PBXFileReference; lastKnownFileType = sourcecode.swift; path = "Extension+UIColor.swift"; sourceTree = "<group>"; };
		8C049BB82AFD674700012905 /* EmployeesViewController.swift */ = {isa = PBXFileReference; lastKnownFileType = sourcecode.swift; path = EmployeesViewController.swift; sourceTree = "<group>"; };
		8C049BBA2AFD67EA00012905 /* EmployeesTableViewCell.swift */ = {isa = PBXFileReference; lastKnownFileType = sourcecode.swift; path = EmployeesTableViewCell.swift; sourceTree = "<group>"; };
		8C049BBC2AFDECB200012905 /* DashboardViewController.swift */ = {isa = PBXFileReference; lastKnownFileType = sourcecode.swift; path = DashboardViewController.swift; sourceTree = "<group>"; };
		8C049BBE2AFDEEED00012905 /* Storyboard.storyboard */ = {isa = PBXFileReference; lastKnownFileType = file.storyboard; path = Storyboard.storyboard; sourceTree = "<group>"; };
		8C049BC02AFE05A300012905 /* AdditionalInfoViewController.swift */ = {isa = PBXFileReference; lastKnownFileType = sourcecode.swift; path = AdditionalInfoViewController.swift; sourceTree = "<group>"; };
		8C049BC22AFE249100012905 /* ReviewViewController.swift */ = {isa = PBXFileReference; lastKnownFileType = sourcecode.swift; path = ReviewViewController.swift; sourceTree = "<group>"; };
		8C049BC42AFE4DD700012905 /* BaseViewController.swift */ = {isa = PBXFileReference; lastKnownFileType = sourcecode.swift; path = BaseViewController.swift; sourceTree = "<group>"; };
		8C049BC62AFE593F00012905 /* APICallService.swift */ = {isa = PBXFileReference; lastKnownFileType = sourcecode.swift; path = APICallService.swift; sourceTree = "<group>"; };
		8C049BC82AFE59A000012905 /* URLSession+Extension.swift */ = {isa = PBXFileReference; lastKnownFileType = sourcecode.swift; path = "URLSession+Extension.swift"; sourceTree = "<group>"; };
		8C049BCA2AFE59CB00012905 /* APIError.swift */ = {isa = PBXFileReference; lastKnownFileType = sourcecode.swift; path = APIError.swift; sourceTree = "<group>"; };
		8C049BCC2AFE5A2E00012905 /* Reachability.swift */ = {isa = PBXFileReference; lastKnownFileType = sourcecode.swift; path = Reachability.swift; sourceTree = "<group>"; };
		8C049BCF2AFE5E8C00012905 /* ServiceCalls.swift */ = {isa = PBXFileReference; lastKnownFileType = sourcecode.swift; path = ServiceCalls.swift; sourceTree = "<group>"; };
		8C049BD22AFE66F300012905 /* Login.swift */ = {isa = PBXFileReference; lastKnownFileType = sourcecode.swift; path = Login.swift; sourceTree = "<group>"; };
		8C049BD42AFE67C600012905 /* Employees.swift */ = {isa = PBXFileReference; lastKnownFileType = sourcecode.swift; path = Employees.swift; sourceTree = "<group>"; };
		8C049BD62AFE682600012905 /* UserColor.swift */ = {isa = PBXFileReference; lastKnownFileType = sourcecode.swift; path = UserColor.swift; sourceTree = "<group>"; };
		8C049BD82AFE6A7500012905 /* UserRequest.swift */ = {isa = PBXFileReference; lastKnownFileType = sourcecode.swift; path = UserRequest.swift; sourceTree = "<group>"; };
		8C049BDB2AFE70F700012905 /* LoginViewModel.swift */ = {isa = PBXFileReference; lastKnownFileType = sourcecode.swift; path = LoginViewModel.swift; sourceTree = "<group>"; };
		8C049BDD2AFE7C5300012905 /* UserDelegate.swift */ = {isa = PBXFileReference; lastKnownFileType = sourcecode.swift; path = UserDelegate.swift; sourceTree = "<group>"; };
		8C049BDF2AFE87A000012905 /* EmployeesViewModel.swift */ = {isa = PBXFileReference; lastKnownFileType = sourcecode.swift; path = EmployeesViewModel.swift; sourceTree = "<group>"; };
		8C049BE12AFE87BA00012905 /* UserColorsViewModel.swift */ = {isa = PBXFileReference; lastKnownFileType = sourcecode.swift; path = UserColorsViewModel.swift; sourceTree = "<group>"; };
		8C7DF5D52AFD41080003DD45 /* CodeChallenge.app */ = {isa = PBXFileReference; explicitFileType = wrapper.application; includeInIndex = 0; path = CodeChallenge.app; sourceTree = BUILT_PRODUCTS_DIR; };
		8C7DF5D82AFD41080003DD45 /* AppDelegate.swift */ = {isa = PBXFileReference; lastKnownFileType = sourcecode.swift; path = AppDelegate.swift; sourceTree = "<group>"; };
		8C7DF5DA2AFD41080003DD45 /* SceneDelegate.swift */ = {isa = PBXFileReference; lastKnownFileType = sourcecode.swift; path = SceneDelegate.swift; sourceTree = "<group>"; };
		8C7DF5DC2AFD41080003DD45 /* ViewController.swift */ = {isa = PBXFileReference; lastKnownFileType = sourcecode.swift; path = ViewController.swift; sourceTree = "<group>"; };
		8C7DF5E12AFD410A0003DD45 /* Assets.xcassets */ = {isa = PBXFileReference; lastKnownFileType = folder.assetcatalog; path = Assets.xcassets; sourceTree = "<group>"; };
		8C7DF5E42AFD410A0003DD45 /* Base */ = {isa = PBXFileReference; lastKnownFileType = file.storyboard; name = Base; path = Base.lproj/LaunchScreen.storyboard; sourceTree = "<group>"; };
		8C7DF5E62AFD410A0003DD45 /* Info.plist */ = {isa = PBXFileReference; lastKnownFileType = text.plist.xml; path = Info.plist; sourceTree = "<group>"; };
/* End PBXFileReference section */

/* Begin PBXFrameworksBuildPhase section */
		8C7DF5D22AFD41080003DD45 /* Frameworks */ = {
			isa = PBXFrameworksBuildPhase;
			buildActionMask = 2147483647;
			files = (
			);
			runOnlyForDeploymentPostprocessing = 0;
		};
/* End PBXFrameworksBuildPhase section */

/* Begin PBXGroup section */
		8C049BB42AFD492900012905 /* Utils */ = {
			isa = PBXGroup;
			children = (
				8C049BB52AFD493600012905 /* Extensions */,
			);
			path = Utils;
			sourceTree = "<group>";
		};
		8C049BB52AFD493600012905 /* Extensions */ = {
			isa = PBXGroup;
			children = (
				8C049BB62AFD495900012905 /* Extension+UIColor.swift */,
			);
			path = Extensions;
			sourceTree = "<group>";
		};
		8C049BCE2AFE5E3F00012905 /* Services */ = {
			isa = PBXGroup;
			children = (
				8C049BC62AFE593F00012905 /* APICallService.swift */,
				8C049BCC2AFE5A2E00012905 /* Reachability.swift */,
				8C049BC82AFE59A000012905 /* URLSession+Extension.swift */,
				8C049BCA2AFE59CB00012905 /* APIError.swift */,
				8C049BCF2AFE5E8C00012905 /* ServiceCalls.swift */,
			);
			path = Services;
			sourceTree = "<group>";
		};
		8C049BD12AFE66D900012905 /* Models */ = {
			isa = PBXGroup;
			children = (
				8C049BD22AFE66F300012905 /* Login.swift */,
				8C049BD42AFE67C600012905 /* Employees.swift */,
				8C049BD82AFE6A7500012905 /* UserRequest.swift */,
				8C049BD62AFE682600012905 /* UserColor.swift */,
			);
			path = Models;
			sourceTree = "<group>";
		};
		8C049BDA2AFE6C8800012905 /* ViewModel */ = {
			isa = PBXGroup;
			children = (
				8C049BDB2AFE70F700012905 /* LoginViewModel.swift */,
				8C049BDF2AFE87A000012905 /* EmployeesViewModel.swift */,
				8C049BE12AFE87BA00012905 /* UserColorsViewModel.swift */,
				8C049BDD2AFE7C5300012905 /* UserDelegate.swift */,
			);
			path = ViewModel;
			sourceTree = "<group>";
		};
		8C049BE52AFED49E00012905 /* Views */ = {
			isa = PBXGroup;
			children = (
				8C049BBA2AFD67EA00012905 /* EmployeesTableViewCell.swift */,
			);
			path = Views;
			sourceTree = "<group>";
		};
		8C7DF5CC2AFD41080003DD45 = {
			isa = PBXGroup;
			children = (
				8C7DF5D72AFD41080003DD45 /* CodeChallenge */,
				8C7DF5D62AFD41080003DD45 /* Products */,
			);
			sourceTree = "<group>";
		};
		8C7DF5D62AFD41080003DD45 /* Products */ = {
			isa = PBXGroup;
			children = (
				8C7DF5D52AFD41080003DD45 /* CodeChallenge.app */,
			);
			name = Products;
			sourceTree = "<group>";
		};
		8C7DF5D72AFD41080003DD45 /* CodeChallenge */ = {
			isa = PBXGroup;
			children = (
				8C7DF5D82AFD41080003DD45 /* AppDelegate.swift */,
				8C049BB42AFD492900012905 /* Utils */,
				8C7DF5DA2AFD41080003DD45 /* SceneDelegate.swift */,
				8C7DF5DC2AFD41080003DD45 /* ViewController.swift */,
				8C049BB02AFD467900012905 /* LoginViewController.swift */,
				8C049BBE2AFDEEED00012905 /* Storyboard.storyboard */,
				8C049BB82AFD674700012905 /* EmployeesViewController.swift */,
				8C049BC42AFE4DD700012905 /* BaseViewController.swift */,
				8C049BC02AFE05A300012905 /* AdditionalInfoViewController.swift */,
				8C049BDA2AFE6C8800012905 /* ViewModel */,
				8C049BD12AFE66D900012905 /* Models */,
				8C049BCE2AFE5E3F00012905 /* Services */,
				8C049BC22AFE249100012905 /* ReviewViewController.swift */,
				8C049BBC2AFDECB200012905 /* DashboardViewController.swift */,
				8C049BE52AFED49E00012905 /* Views */,
				8C049BB22AFD46D700012905 /* OnboardingViewController.swift */,
				8C7DF5E12AFD410A0003DD45 /* Assets.xcassets */,
				8C7DF5E32AFD410A0003DD45 /* LaunchScreen.storyboard */,
				8C7DF5E62AFD410A0003DD45 /* Info.plist */,
			);
			path = CodeChallenge;
			sourceTree = "<group>";
		};
/* End PBXGroup section */

/* Begin PBXNativeTarget section */
		8C7DF5D42AFD41080003DD45 /* CodeChallenge */ = {
			isa = PBXNativeTarget;
			buildConfigurationList = 8C7DF5E92AFD410A0003DD45 /* Build configuration list for PBXNativeTarget "CodeChallenge" */;
			buildPhases = (
				8C7DF5D12AFD41080003DD45 /* Sources */,
				8C7DF5D22AFD41080003DD45 /* Frameworks */,
				8C7DF5D32AFD41080003DD45 /* Resources */,
			);
			buildRules = (
			);
			dependencies = (
			);
			name = CodeChallenge;
			productName = CodeChallenge;
			productReference = 8C7DF5D52AFD41080003DD45 /* CodeChallenge.app */;
			productType = "com.apple.product-type.application";
		};
/* End PBXNativeTarget section */

/* Begin PBXProject section */
		8C7DF5CD2AFD41080003DD45 /* Project object */ = {
			isa = PBXProject;
			attributes = {
				BuildIndependentTargetsInParallel = 1;
				LastSwiftUpdateCheck = 1500;
				LastUpgradeCheck = 1500;
				TargetAttributes = {
					8C7DF5D42AFD41080003DD45 = {
						CreatedOnToolsVersion = 15.0.1;
					};
				};
			};
			buildConfigurationList = 8C7DF5D02AFD41080003DD45 /* Build configuration list for PBXProject "CodeChallenge" */;
			compatibilityVersion = "Xcode 14.0";
			developmentRegion = en;
			hasScannedForEncodings = 0;
			knownRegions = (
				en,
				Base,
			);
			mainGroup = 8C7DF5CC2AFD41080003DD45;
			productRefGroup = 8C7DF5D62AFD41080003DD45 /* Products */;
			projectDirPath = "";
			projectRoot = "";
			targets = (
				8C7DF5D42AFD41080003DD45 /* CodeChallenge */,
			);
		};
/* End PBXProject section */

/* Begin PBXResourcesBuildPhase section */
		8C7DF5D32AFD41080003DD45 /* Resources */ = {
			isa = PBXResourcesBuildPhase;
			buildActionMask = 2147483647;
			files = (
				8C7DF5E52AFD410A0003DD45 /* LaunchScreen.storyboard in Resources */,
				8C7DF5E22AFD410A0003DD45 /* Assets.xcassets in Resources */,
				8C049BBF2AFDEEED00012905 /* Storyboard.storyboard in Resources */,
			);
			runOnlyForDeploymentPostprocessing = 0;
		};
/* End PBXResourcesBuildPhase section */

/* Begin PBXSourcesBuildPhase section */
		8C7DF5D12AFD41080003DD45 /* Sources */ = {
			isa = PBXSourcesBuildPhase;
			buildActionMask = 2147483647;
			files = (
				8C049BBD2AFDECB200012905 /* DashboardViewController.swift in Sources */,
				8C049BDC2AFE70F700012905 /* LoginViewModel.swift in Sources */,
				8C049BE22AFE87BA00012905 /* UserColorsViewModel.swift in Sources */,
				8C049BE02AFE87A000012905 /* EmployeesViewModel.swift in Sources */,
				8C049BB92AFD674700012905 /* EmployeesViewController.swift in Sources */,
				8C049BC92AFE59A000012905 /* URLSession+Extension.swift in Sources */,
				8C7DF5DD2AFD41080003DD45 /* ViewController.swift in Sources */,
				8C049BC32AFE249100012905 /* ReviewViewController.swift in Sources */,
				8C7DF5D92AFD41080003DD45 /* AppDelegate.swift in Sources */,
				8C049BC52AFE4DD700012905 /* BaseViewController.swift in Sources */,
				8C049BD02AFE5E8C00012905 /* ServiceCalls.swift in Sources */,
				8C049BB32AFD46D700012905 /* OnboardingViewController.swift in Sources */,
				8C049BDE2AFE7C5300012905 /* UserDelegate.swift in Sources */,
				8C049BD52AFE67C600012905 /* Employees.swift in Sources */,
				8C049BCB2AFE59CB00012905 /* APIError.swift in Sources */,
				8C049BB12AFD467900012905 /* LoginViewController.swift in Sources */,
				8C049BD72AFE682600012905 /* UserColor.swift in Sources */,
				8C049BBB2AFD67EA00012905 /* EmployeesTableViewCell.swift in Sources */,
				8C7DF5DB2AFD41080003DD45 /* SceneDelegate.swift in Sources */,
				8C049BC72AFE593F00012905 /* APICallService.swift in Sources */,
				8C049BC12AFE05A300012905 /* AdditionalInfoViewController.swift in Sources */,
				8C049BD32AFE66F300012905 /* Login.swift in Sources */,
				8C049BCD2AFE5A2E00012905 /* Reachability.swift in Sources */,
				8C049BB72AFD495900012905 /* Extension+UIColor.swift in Sources */,
				8C049BD92AFE6A7500012905 /* UserRequest.swift in Sources */,
			);
			runOnlyForDeploymentPostprocessing = 0;
		};
/* End PBXSourcesBuildPhase section */

/* Begin PBXVariantGroup section */
		8C7DF5E32AFD410A0003DD45 /* LaunchScreen.storyboard */ = {
			isa = PBXVariantGroup;
			children = (
				8C7DF5E42AFD410A0003DD45 /* Base */,
			);
			name = LaunchScreen.storyboard;
			sourceTree = "<group>";
		};
/* End PBXVariantGroup section */

/* Begin XCBuildConfiguration section */
		8C7DF5E72AFD410A0003DD45 /* Debug */ = {
			isa = XCBuildConfiguration;
			buildSettings = {
				ALWAYS_SEARCH_USER_PATHS = NO;
				ASSETCATALOG_COMPILER_GENERATE_SWIFT_ASSET_SYMBOL_EXTENSIONS = YES;
				CLANG_ANALYZER_NONNULL = YES;
				CLANG_ANALYZER_NUMBER_OBJECT_CONVERSION = YES_AGGRESSIVE;
				CLANG_CXX_LANGUAGE_STANDARD = "gnu++20";
				CLANG_ENABLE_MODULES = YES;
				CLANG_ENABLE_OBJC_ARC = YES;
				CLANG_ENABLE_OBJC_WEAK = YES;
				CLANG_WARN_BLOCK_CAPTURE_AUTORELEASING = YES;
				CLANG_WARN_BOOL_CONVERSION = YES;
				CLANG_WARN_COMMA = YES;
				CLANG_WARN_CONSTANT_CONVERSION = YES;
				CLANG_WARN_DEPRECATED_OBJC_IMPLEMENTATIONS = YES;
				CLANG_WARN_DIRECT_OBJC_ISA_USAGE = YES_ERROR;
				CLANG_WARN_DOCUMENTATION_COMMENTS = YES;
				CLANG_WARN_EMPTY_BODY = YES;
				CLANG_WARN_ENUM_CONVERSION = YES;
				CLANG_WARN_INFINITE_RECURSION = YES;
				CLANG_WARN_INT_CONVERSION = YES;
				CLANG_WARN_NON_LITERAL_NULL_CONVERSION = YES;
				CLANG_WARN_OBJC_IMPLICIT_RETAIN_SELF = YES;
				CLANG_WARN_OBJC_LITERAL_CONVERSION = YES;
				CLANG_WARN_OBJC_ROOT_CLASS = YES_ERROR;
				CLANG_WARN_QUOTED_INCLUDE_IN_FRAMEWORK_HEADER = YES;
				CLANG_WARN_RANGE_LOOP_ANALYSIS = YES;
				CLANG_WARN_STRICT_PROTOTYPES = YES;
				CLANG_WARN_SUSPICIOUS_MOVE = YES;
				CLANG_WARN_UNGUARDED_AVAILABILITY = YES_AGGRESSIVE;
				CLANG_WARN_UNREACHABLE_CODE = YES;
				CLANG_WARN__DUPLICATE_METHOD_MATCH = YES;
				COPY_PHASE_STRIP = NO;
				DEBUG_INFORMATION_FORMAT = dwarf;
				ENABLE_STRICT_OBJC_MSGSEND = YES;
				ENABLE_TESTABILITY = YES;
				ENABLE_USER_SCRIPT_SANDBOXING = YES;
				GCC_C_LANGUAGE_STANDARD = gnu17;
				GCC_DYNAMIC_NO_PIC = NO;
				GCC_NO_COMMON_BLOCKS = YES;
				GCC_OPTIMIZATION_LEVEL = 0;
				GCC_PREPROCESSOR_DEFINITIONS = (
					"DEBUG=1",
					"$(inherited)",
				);
				GCC_WARN_64_TO_32_BIT_CONVERSION = YES;
				GCC_WARN_ABOUT_RETURN_TYPE = YES_ERROR;
				GCC_WARN_UNDECLARED_SELECTOR = YES;
				GCC_WARN_UNINITIALIZED_AUTOS = YES_AGGRESSIVE;
				GCC_WARN_UNUSED_FUNCTION = YES;
				GCC_WARN_UNUSED_VARIABLE = YES;
				IPHONEOS_DEPLOYMENT_TARGET = 17.0;
				LOCALIZATION_PREFERS_STRING_CATALOGS = YES;
				MTL_ENABLE_DEBUG_INFO = INCLUDE_SOURCE;
				MTL_FAST_MATH = YES;
				ONLY_ACTIVE_ARCH = YES;
				SDKROOT = iphoneos;
				SWIFT_ACTIVE_COMPILATION_CONDITIONS = "DEBUG $(inherited)";
				SWIFT_OPTIMIZATION_LEVEL = "-Onone";
			};
			name = Debug;
		};
		8C7DF5E82AFD410A0003DD45 /* Release */ = {
			isa = XCBuildConfiguration;
			buildSettings = {
				ALWAYS_SEARCH_USER_PATHS = NO;
				ASSETCATALOG_COMPILER_GENERATE_SWIFT_ASSET_SYMBOL_EXTENSIONS = YES;
				CLANG_ANALYZER_NONNULL = YES;
				CLANG_ANALYZER_NUMBER_OBJECT_CONVERSION = YES_AGGRESSIVE;
				CLANG_CXX_LANGUAGE_STANDARD = "gnu++20";
				CLANG_ENABLE_MODULES = YES;
				CLANG_ENABLE_OBJC_ARC = YES;
				CLANG_ENABLE_OBJC_WEAK = YES;
				CLANG_WARN_BLOCK_CAPTURE_AUTORELEASING = YES;
				CLANG_WARN_BOOL_CONVERSION = YES;
				CLANG_WARN_COMMA = YES;
				CLANG_WARN_CONSTANT_CONVERSION = YES;
				CLANG_WARN_DEPRECATED_OBJC_IMPLEMENTATIONS = YES;
				CLANG_WARN_DIRECT_OBJC_ISA_USAGE = YES_ERROR;
				CLANG_WARN_DOCUMENTATION_COMMENTS = YES;
				CLANG_WARN_EMPTY_BODY = YES;
				CLANG_WARN_ENUM_CONVERSION = YES;
				CLANG_WARN_INFINITE_RECURSION = YES;
				CLANG_WARN_INT_CONVERSION = YES;
				CLANG_WARN_NON_LITERAL_NULL_CONVERSION = YES;
				CLANG_WARN_OBJC_IMPLICIT_RETAIN_SELF = YES;
				CLANG_WARN_OBJC_LITERAL_CONVERSION = YES;
				CLANG_WARN_OBJC_ROOT_CLASS = YES_ERROR;
				CLANG_WARN_QUOTED_INCLUDE_IN_FRAMEWORK_HEADER = YES;
				CLANG_WARN_RANGE_LOOP_ANALYSIS = YES;
				CLANG_WARN_STRICT_PROTOTYPES = YES;
				CLANG_WARN_SUSPICIOUS_MOVE = YES;
				CLANG_WARN_UNGUARDED_AVAILABILITY = YES_AGGRESSIVE;
				CLANG_WARN_UNREACHABLE_CODE = YES;
				CLANG_WARN__DUPLICATE_METHOD_MATCH = YES;
				COPY_PHASE_STRIP = NO;
				DEBUG_INFORMATION_FORMAT = "dwarf-with-dsym";
				ENABLE_NS_ASSERTIONS = NO;
				ENABLE_STRICT_OBJC_MSGSEND = YES;
				ENABLE_USER_SCRIPT_SANDBOXING = YES;
				GCC_C_LANGUAGE_STANDARD = gnu17;
				GCC_NO_COMMON_BLOCKS = YES;
				GCC_WARN_64_TO_32_BIT_CONVERSION = YES;
				GCC_WARN_ABOUT_RETURN_TYPE = YES_ERROR;
				GCC_WARN_UNDECLARED_SELECTOR = YES;
				GCC_WARN_UNINITIALIZED_AUTOS = YES_AGGRESSIVE;
				GCC_WARN_UNUSED_FUNCTION = YES;
				GCC_WARN_UNUSED_VARIABLE = YES;
				IPHONEOS_DEPLOYMENT_TARGET = 17.0;
				LOCALIZATION_PREFERS_STRING_CATALOGS = YES;
				MTL_ENABLE_DEBUG_INFO = NO;
				MTL_FAST_MATH = YES;
				SDKROOT = iphoneos;
				SWIFT_COMPILATION_MODE = wholemodule;
				VALIDATE_PRODUCT = YES;
			};
			name = Release;
		};
		8C7DF5EA2AFD410A0003DD45 /* Debug */ = {
			isa = XCBuildConfiguration;
			buildSettings = {
				ASSETCATALOG_COMPILER_APPICON_NAME = AppIcon;
				ASSETCATALOG_COMPILER_GLOBAL_ACCENT_COLOR_NAME = AccentColor;
				CODE_SIGN_STYLE = Automatic;
				CURRENT_PROJECT_VERSION = 1;
				GENERATE_INFOPLIST_FILE = YES;
				INFOPLIST_FILE = CodeChallenge/Info.plist;
				INFOPLIST_KEY_UIApplicationSupportsIndirectInputEvents = YES;
				INFOPLIST_KEY_UILaunchStoryboardName = LaunchScreen;
				INFOPLIST_KEY_UISupportedInterfaceOrientations_iPad = "UIInterfaceOrientationPortrait UIInterfaceOrientationPortraitUpsideDown UIInterfaceOrientationLandscapeLeft UIInterfaceOrientationLandscapeRight";
				INFOPLIST_KEY_UISupportedInterfaceOrientations_iPhone = "UIInterfaceOrientationPortrait UIInterfaceOrientationLandscapeLeft UIInterfaceOrientationLandscapeRight";
				LD_RUNPATH_SEARCH_PATHS = (
					"$(inherited)",
					"@executable_path/Frameworks",
				);
				MARKETING_VERSION = 1.0;
				PRODUCT_BUNDLE_IDENTIFIER = carringtonmanyuchi.co.za.CodeChallenge;
				PRODUCT_NAME = "$(TARGET_NAME)";
				SWIFT_EMIT_LOC_STRINGS = YES;
				SWIFT_VERSION = 5.0;
				TARGETED_DEVICE_FAMILY = "1,2";
			};
			name = Debug;
		};
		8C7DF5EB2AFD410A0003DD45 /* Release */ = {
			isa = XCBuildConfiguration;
			buildSettings = {
				ASSETCATALOG_COMPILER_APPICON_NAME = AppIcon;
				ASSETCATALOG_COMPILER_GLOBAL_ACCENT_COLOR_NAME = AccentColor;
				CODE_SIGN_STYLE = Automatic;
				CURRENT_PROJECT_VERSION = 1;
				GENERATE_INFOPLIST_FILE = YES;
				INFOPLIST_FILE = CodeChallenge/Info.plist;
				INFOPLIST_KEY_UIApplicationSupportsIndirectInputEvents = YES;
				INFOPLIST_KEY_UILaunchStoryboardName = LaunchScreen;
				INFOPLIST_KEY_UISupportedInterfaceOrientations_iPad = "UIInterfaceOrientationPortrait UIInterfaceOrientationPortraitUpsideDown UIInterfaceOrientationLandscapeLeft UIInterfaceOrientationLandscapeRight";
				INFOPLIST_KEY_UISupportedInterfaceOrientations_iPhone = "UIInterfaceOrientationPortrait UIInterfaceOrientationLandscapeLeft UIInterfaceOrientationLandscapeRight";
				LD_RUNPATH_SEARCH_PATHS = (
					"$(inherited)",
					"@executable_path/Frameworks",
				);
				MARKETING_VERSION = 1.0;
				PRODUCT_BUNDLE_IDENTIFIER = carringtonmanyuchi.co.za.CodeChallenge;
				PRODUCT_NAME = "$(TARGET_NAME)";
				SWIFT_EMIT_LOC_STRINGS = YES;
				SWIFT_VERSION = 5.0;
				TARGETED_DEVICE_FAMILY = "1,2";
			};
			name = Release;
		};
/* End XCBuildConfiguration section */

/* Begin XCConfigurationList section */
		8C7DF5D02AFD41080003DD45 /* Build configuration list for PBXProject "CodeChallenge" */ = {
			isa = XCConfigurationList;
			buildConfigurations = (
				8C7DF5E72AFD410A0003DD45 /* Debug */,
				8C7DF5E82AFD410A0003DD45 /* Release */,
			);
			defaultConfigurationIsVisible = 0;
			defaultConfigurationName = Release;
		};
		8C7DF5E92AFD410A0003DD45 /* Build configuration list for PBXNativeTarget "CodeChallenge" */ = {
			isa = XCConfigurationList;
			buildConfigurations = (
				8C7DF5EA2AFD410A0003DD45 /* Debug */,
				8C7DF5EB2AFD410A0003DD45 /* Release */,
			);
			defaultConfigurationIsVisible = 0;
			defaultConfigurationName = Release;
		};
/* End XCConfigurationList section */
	};
	rootObject = 8C7DF5CD2AFD41080003DD45 /* Project object */;
}
